
Microsoft Visual Studio Solution File, Format Version 12.00
# Visual Studio Version 17
VisualStudioVersion = 17.9.34616.47
MinimumVisualStudioVersion = 10.0.40219.1
Project("{FAE04EC0-301F-11D3-BF4B-00C04F79EFBC}") = "QRCodeAttendance", "QRCodeAttendance\QRCodeAttendance.csproj", "{E1090AF1-B550-4051-9302-8B8DEE349451}"
EndProject
Global
	GlobalSection(SolutionConfigurationPlatforms) = preSolution
		Debug|Any CPU = Debug|Any CPU
		Release|Any CPU = Release|Any CPU
	EndGlobalSection
	GlobalSection(ProjectConfigurationPlatforms) = postSolution
		{E1090AF1-B550-4051-9302-8B8DEE349451}.Debug|Any CPU.ActiveCfg = Debug|Any CPU
		{E1090AF1-B550-4051-9302-8B8DEE349451}.Debug|Any CPU.Build.0 = Debug|Any CPU
		{E1090AF1-B550-4051-9302-8B8DEE349451}.Release|Any CPU.ActiveCfg = Release|Any CPU
		{E1090AF1-B550-4051-9302-8B8DEE349451}.Release|Any CPU.Build.0 = Release|Any CPU
	EndGlobalSection
	GlobalSection(SolutionProperties) = preSolution
		HideSolutionNode = FALSE
	EndGlobalSection
	GlobalSection(ExtensibilityGlobals) = postSolution
		SolutionGuid = {5EA300C6-A063-411C-BDF9-E0F4ADE5D8EB}
	EndGlobalSection
EndGlobal
